
Microsoft Visual Studio Solution File, Format Version 12.00
# Visual Studio Version 17
VisualStudioVersion = 17.0.31919.166
MinimumVisualStudioVersion = 10.0.40219.1
Project("{FAE04EC0-301F-11D3-BF4B-00C04F79EFBC}") = "prjSwitchCase", "prjSwitchCase\prjSwitchCase.csproj", "{A385618B-D0EC-428D-AC2B-AB76432F55EF}"
EndProject
Global
	GlobalSection(SolutionConfigurationPlatforms) = preSolution
		Debug|Any CPU = Debug|Any CPU
		Release|Any CPU = Release|Any CPU
	EndGlobalSection
	GlobalSection(ProjectConfigurationPlatforms) = postSolution
		{A385618B-D0EC-428D-AC2B-AB76432F55EF}.Debug|Any CPU.ActiveCfg = Debug|Any CPU
		{A385618B-D0EC-428D-AC2B-AB76432F55EF}.Debug|Any CPU.Build.0 = Debug|Any CPU
		{A385618B-D0EC-428D-AC2B-AB76432F55EF}.Release|Any CPU.ActiveCfg = Release|Any CPU
		{A385618B-D0EC-428D-AC2B-AB76432F55EF}.Release|Any CPU.Build.0 = Release|Any CPU
	EndGlobalSection
	GlobalSection(SolutionProperties) = preSolution
		HideSolutionNode = FALSE
	EndGlobalSection
	GlobalSection(ExtensibilityGlobals) = postSolution
		SolutionGuid = {68252A2B-DD2A-4451-912E-A6245B81B583}
	EndGlobalSection
EndGlobal
