
Microsoft Visual Studio Solution File, Format Version 12.00
# Visual Studio Version 17
VisualStudioVersion = 17.0.32002.185
MinimumVisualStudioVersion = 10.0.40219.1
Project("{FAE04EC0-301F-11D3-BF4B-00C04F79EFBC}") = "livraria_heranca", "livraria_heranca\livraria_heranca.csproj", "{45866266-5B21-4D33-BF74-AB81028711DD}"
EndProject
Global
	GlobalSection(SolutionConfigurationPlatforms) = preSolution
		Debug|Any CPU = Debug|Any CPU
		Release|Any CPU = Release|Any CPU
	EndGlobalSection
	GlobalSection(ProjectConfigurationPlatforms) = postSolution
		{45866266-5B21-4D33-BF74-AB81028711DD}.Debug|Any CPU.ActiveCfg = Debug|Any CPU
		{45866266-5B21-4D33-BF74-AB81028711DD}.Debug|Any CPU.Build.0 = Debug|Any CPU
		{45866266-5B21-4D33-BF74-AB81028711DD}.Release|Any CPU.ActiveCfg = Release|Any CPU
		{45866266-5B21-4D33-BF74-AB81028711DD}.Release|Any CPU.Build.0 = Release|Any CPU
	EndGlobalSection
	GlobalSection(SolutionProperties) = preSolution
		HideSolutionNode = FALSE
	EndGlobalSection
	GlobalSection(ExtensibilityGlobals) = postSolution
		SolutionGuid = {A1747D6E-B5F5-444C-A8C4-A62D0CC63277}
	EndGlobalSection
EndGlobal
