
Microsoft Visual Studio Solution File, Format Version 12.00
# Visual Studio Version 17
VisualStudioVersion = 17.0.32002.185
MinimumVisualStudioVersion = 10.0.40219.1
Project("{FAE04EC0-301F-11D3-BF4B-00C04F79EFBC}") = "matrizSomaMediaMulti", "matrizSomaMediaMulti\matrizSomaMediaMulti.csproj", "{6902C0B2-6DEC-4100-BDD2-53936998C369}"
EndProject
Global
	GlobalSection(SolutionConfigurationPlatforms) = preSolution
		Debug|Any CPU = Debug|Any CPU
		Release|Any CPU = Release|Any CPU
	EndGlobalSection
	GlobalSection(ProjectConfigurationPlatforms) = postSolution
		{6902C0B2-6DEC-4100-BDD2-53936998C369}.Debug|Any CPU.ActiveCfg = Debug|Any CPU
		{6902C0B2-6DEC-4100-BDD2-53936998C369}.Debug|Any CPU.Build.0 = Debug|Any CPU
		{6902C0B2-6DEC-4100-BDD2-53936998C369}.Release|Any CPU.ActiveCfg = Release|Any CPU
		{6902C0B2-6DEC-4100-BDD2-53936998C369}.Release|Any CPU.Build.0 = Release|Any CPU
	EndGlobalSection
	GlobalSection(SolutionProperties) = preSolution
		HideSolutionNode = FALSE
	EndGlobalSection
	GlobalSection(ExtensibilityGlobals) = postSolution
		SolutionGuid = {04773C57-2AB0-47FA-AAD9-3C74590BDCE3}
	EndGlobalSection
EndGlobal
