
Microsoft Visual Studio Solution File, Format Version 12.00
# Visual Studio Version 17
VisualStudioVersion = 17.0.31919.166
MinimumVisualStudioVersion = 10.0.40219.1
Project("{FAE04EC0-301F-11D3-BF4B-00C04F79EFBC}") = "opLogicoOU", "opLogicoOU\opLogicoOU.csproj", "{E21C1DF3-2B6B-4C1D-8D1C-186D401E347F}"
EndProject
Global
	GlobalSection(SolutionConfigurationPlatforms) = preSolution
		Debug|Any CPU = Debug|Any CPU
		Release|Any CPU = Release|Any CPU
	EndGlobalSection
	GlobalSection(ProjectConfigurationPlatforms) = postSolution
		{E21C1DF3-2B6B-4C1D-8D1C-186D401E347F}.Debug|Any CPU.ActiveCfg = Debug|Any CPU
		{E21C1DF3-2B6B-4C1D-8D1C-186D401E347F}.Debug|Any CPU.Build.0 = Debug|Any CPU
		{E21C1DF3-2B6B-4C1D-8D1C-186D401E347F}.Release|Any CPU.ActiveCfg = Release|Any CPU
		{E21C1DF3-2B6B-4C1D-8D1C-186D401E347F}.Release|Any CPU.Build.0 = Release|Any CPU
	EndGlobalSection
	GlobalSection(SolutionProperties) = preSolution
		HideSolutionNode = FALSE
	EndGlobalSection
	GlobalSection(ExtensibilityGlobals) = postSolution
		SolutionGuid = {78B4C2C8-6B0D-440A-9B57-4ADC814D5FA2}
	EndGlobalSection
EndGlobal
